// !$*UTF8*$!
{
	archiveVersion = 1;
	classes = {
	};
	objectVersion = 50;
	objects = {

/* Begin PBXBuildFile section */
		3F3B4C0B2629E2A800D9E2C6 /* Stage2ViewController.swift in Sources */ = {isa = PBXBuildFile; fileRef = 3F3B4C0A2629E2A800D9E2C6 /* Stage2ViewController.swift */; };
		3F3B4C0E2629E2D000D9E2C6 /* Stage3ViewController.swift in Sources */ = {isa = PBXBuildFile; fileRef = 3F3B4C0D2629E2D000D9E2C6 /* Stage3ViewController.swift */; };
		3F3B4C122631D01B00D9E2C6 /* Stage4ViewController.swift in Sources */ = {isa = PBXBuildFile; fileRef = 3F3B4C112631D01B00D9E2C6 /* Stage4ViewController.swift */; };
		3F9931E1262894DC00F222EE /* Stage1ViewController.swift in Sources */ = {isa = PBXBuildFile; fileRef = 3F9931E0262894DC00F222EE /* Stage1ViewController.swift */; };
		3FF97353261F59D0000F0CC4 /* AppDelegate.swift in Sources */ = {isa = PBXBuildFile; fileRef = 3FF97352261F59D0000F0CC4 /* AppDelegate.swift */; };
		3FF97355261F59D0000F0CC4 /* SceneDelegate.swift in Sources */ = {isa = PBXBuildFile; fileRef = 3FF97354261F59D0000F0CC4 /* SceneDelegate.swift */; };
		3FF97357261F59D0000F0CC4 /* ViewController.swift in Sources */ = {isa = PBXBuildFile; fileRef = 3FF97356261F59D0000F0CC4 /* ViewController.swift */; };
		3FF9735A261F59D0000F0CC4 /* Main.storyboard in Resources */ = {isa = PBXBuildFile; fileRef = 3FF97358261F59D0000F0CC4 /* Main.storyboard */; };
		3FF9735C261F59D5000F0CC4 /* Assets.xcassets in Resources */ = {isa = PBXBuildFile; fileRef = 3FF9735B261F59D5000F0CC4 /* Assets.xcassets */; };
		3FF9735F261F59D5000F0CC4 /* LaunchScreen.storyboard in Resources */ = {isa = PBXBuildFile; fileRef = 3FF9735D261F59D5000F0CC4 /* LaunchScreen.storyboard */; };
/* End PBXBuildFile section */

/* Begin PBXFileReference section */
		3F3B4C0A2629E2A800D9E2C6 /* Stage2ViewController.swift */ = {isa = PBXFileReference; lastKnownFileType = sourcecode.swift; path = Stage2ViewController.swift; sourceTree = "<group>"; };
		3F3B4C0D2629E2D000D9E2C6 /* Stage3ViewController.swift */ = {isa = PBXFileReference; lastKnownFileType = sourcecode.swift; path = Stage3ViewController.swift; sourceTree = "<group>"; };
		3F3B4C112631D01B00D9E2C6 /* Stage4ViewController.swift */ = {isa = PBXFileReference; lastKnownFileType = sourcecode.swift; path = Stage4ViewController.swift; sourceTree = "<group>"; };
		3F9931E0262894DC00F222EE /* Stage1ViewController.swift */ = {isa = PBXFileReference; lastKnownFileType = sourcecode.swift; path = Stage1ViewController.swift; sourceTree = "<group>"; };
		3FF9734F261F59D0000F0CC4 /* Four Pics One Word.app */ = {isa = PBXFileReference; explicitFileType = wrapper.application; includeInIndex = 0; path = "Four Pics One Word.app"; sourceTree = BUILT_PRODUCTS_DIR; };
		3FF97352261F59D0000F0CC4 /* AppDelegate.swift */ = {isa = PBXFileReference; lastKnownFileType = sourcecode.swift; path = AppDelegate.swift; sourceTree = "<group>"; };
		3FF97354261F59D0000F0CC4 /* SceneDelegate.swift */ = {isa = PBXFileReference; lastKnownFileType = sourcecode.swift; path = SceneDelegate.swift; sourceTree = "<group>"; };
		3FF97356261F59D0000F0CC4 /* ViewController.swift */ = {isa = PBXFileReference; lastKnownFileType = sourcecode.swift; path = ViewController.swift; sourceTree = "<group>"; };
		3FF97359261F59D0000F0CC4 /* Base */ = {isa = PBXFileReference; lastKnownFileType = file.storyboard; name = Base; path = Base.lproj/Main.storyboard; sourceTree = "<group>"; };
		3FF9735B261F59D5000F0CC4 /* Assets.xcassets */ = {isa = PBXFileReference; lastKnownFileType = folder.assetcatalog; path = Assets.xcassets; sourceTree = "<group>"; };
		3FF9735E261F59D5000F0CC4 /* Base */ = {isa = PBXFileReference; lastKnownFileType = file.storyboard; name = Base; path = Base.lproj/LaunchScreen.storyboard; sourceTree = "<group>"; };
		3FF97360261F59D5000F0CC4 /* Info.plist */ = {isa = PBXFileReference; lastKnownFileType = text.plist.xml; path = Info.plist; sourceTree = "<group>"; };
/* End PBXFileReference section */

/* Begin PBXFrameworksBuildPhase section */
		3FF9734C261F59D0000F0CC4 /* Frameworks */ = {
			isa = PBXFrameworksBuildPhase;
			buildActionMask = 2147483647;
			files = (
			);
			runOnlyForDeploymentPostprocessing = 0;
		};
/* End PBXFrameworksBuildPhase section */

/* Begin PBXGroup section */
		3FF97346261F59D0000F0CC4 = {
			isa = PBXGroup;
			children = (
				3FF97351261F59D0000F0CC4 /* Four Pics One Word */,
				3FF97350261F59D0000F0CC4 /* Products */,
			);
			sourceTree = "<group>";
		};
		3FF97350261F59D0000F0CC4 /* Products */ = {
			isa = PBXGroup;
			children = (
				3FF9734F261F59D0000F0CC4 /* Four Pics One Word.app */,
			);
			name = Products;
			sourceTree = "<group>";
		};
		3FF97351261F59D0000F0CC4 /* Four Pics One Word */ = {
			isa = PBXGroup;
			children = (
				3FF97352261F59D0000F0CC4 /* AppDelegate.swift */,
				3FF97354261F59D0000F0CC4 /* SceneDelegate.swift */,
				3FF97356261F59D0000F0CC4 /* ViewController.swift */,
				3FF97358261F59D0000F0CC4 /* Main.storyboard */,
				3F3B4C112631D01B00D9E2C6 /* Stage4ViewController.swift */,
				3F3B4C0D2629E2D000D9E2C6 /* Stage3ViewController.swift */,
				3F3B4C0A2629E2A800D9E2C6 /* Stage2ViewController.swift */,
				3F9931E0262894DC00F222EE /* Stage1ViewController.swift */,
				3FF9735B261F59D5000F0CC4 /* Assets.xcassets */,
				3FF9735D261F59D5000F0CC4 /* LaunchScreen.storyboard */,
				3FF97360261F59D5000F0CC4 /* Info.plist */,
			);
			path = "Four Pics One Word";
			sourceTree = "<group>";
		};
/* End PBXGroup section */

/* Begin PBXNativeTarget section */
		3FF9734E261F59D0000F0CC4 /* Four Pics One Word */ = {
			isa = PBXNativeTarget;
			buildConfigurationList = 3FF97363261F59D5000F0CC4 /* Build configuration list for PBXNativeTarget "Four Pics One Word" */;
			buildPhases = (
				3FF9734B261F59D0000F0CC4 /* Sources */,
				3FF9734C261F59D0000F0CC4 /* Frameworks */,
				3FF9734D261F59D0000F0CC4 /* Resources */,
			);
			buildRules = (
			);
			dependencies = (
			);
			name = "Four Pics One Word";
			productName = "Four Pics One Word";
			productReference = 3FF9734F261F59D0000F0CC4 /* Four Pics One Word.app */;
			productType = "com.apple.product-type.application";
		};
/* End PBXNativeTarget section */

/* Begin PBXProject section */
		3FF97347261F59D0000F0CC4 /* Project object */ = {
			isa = PBXProject;
			attributes = {
				LastSwiftUpdateCheck = 1230;
				LastUpgradeCheck = 1230;
				TargetAttributes = {
					3FF9734E261F59D0000F0CC4 = {
						CreatedOnToolsVersion = 12.3;
					};
				};
			};
			buildConfigurationList = 3FF9734A261F59D0000F0CC4 /* Build configuration list for PBXProject "Four Pics One Word" */;
			compatibilityVersion = "Xcode 9.3";
			developmentRegion = en;
			hasScannedForEncodings = 0;
			knownRegions = (
				en,
				Base,
			);
			mainGroup = 3FF97346261F59D0000F0CC4;
			productRefGroup = 3FF97350261F59D0000F0CC4 /* Products */;
			projectDirPath = "";
			projectRoot = "";
			targets = (
				3FF9734E261F59D0000F0CC4 /* Four Pics One Word */,
			);
		};
/* End PBXProject section */

/* Begin PBXResourcesBuildPhase section */
		3FF9734D261F59D0000F0CC4 /* Resources */ = {
			isa = PBXResourcesBuildPhase;
			buildActionMask = 2147483647;
			files = (
				3FF9735F261F59D5000F0CC4 /* LaunchScreen.storyboard in Resources */,
				3FF9735C261F59D5000F0CC4 /* Assets.xcassets in Resources */,
				3FF9735A261F59D0000F0CC4 /* Main.storyboard in Resources */,
			);
			runOnlyForDeploymentPostprocessing = 0;
		};
/* End PBXResourcesBuildPhase section */

/* Begin PBXSourcesBuildPhase section */
		3FF9734B261F59D0000F0CC4 /* Sources */ = {
			isa = PBXSourcesBuildPhase;
			buildActionMask = 2147483647;
			files = (
				3F3B4C0B2629E2A800D9E2C6 /* Stage2ViewController.swift in Sources */,
				3F3B4C122631D01B00D9E2C6 /* Stage4ViewController.swift in Sources */,
				3FF97357261F59D0000F0CC4 /* ViewController.swift in Sources */,
				3F9931E1262894DC00F222EE /* Stage1ViewController.swift in Sources */,
				3F3B4C0E2629E2D000D9E2C6 /* Stage3ViewController.swift in Sources */,
				3FF97353261F59D0000F0CC4 /* AppDelegate.swift in Sources */,
				3FF97355261F59D0000F0CC4 /* SceneDelegate.swift in Sources */,
			);
			runOnlyForDeploymentPostprocessing = 0;
		};
/* End PBXSourcesBuildPhase section */

/* Begin PBXVariantGroup section */
		3FF97358261F59D0000F0CC4 /* Main.storyboard */ = {
			isa = PBXVariantGroup;
			children = (
				3FF97359261F59D0000F0CC4 /* Base */,
			);
			name = Main.storyboard;
			sourceTree = "<group>";
		};
		3FF9735D261F59D5000F0CC4 /* LaunchScreen.storyboard */ = {
			isa = PBXVariantGroup;
			children = (
				3FF9735E261F59D5000F0CC4 /* Base */,
			);
			name = LaunchScreen.storyboard;
			sourceTree = "<group>";
		};
/* End PBXVariantGroup section */

/* Begin XCBuildConfiguration section */
		3FF97361261F59D5000F0CC4 /* Debug */ = {
			isa = XCBuildConfiguration;
			buildSettings = {
				ALWAYS_SEARCH_USER_PATHS = NO;
				CLANG_ANALYZER_NONNULL = YES;
				CLANG_ANALYZER_NUMBER_OBJECT_CONVERSION = YES_AGGRESSIVE;
				CLANG_CXX_LANGUAGE_STANDARD = "gnu++14";
				CLANG_CXX_LIBRARY = "libc++";
				CLANG_ENABLE_MODULES = YES;
				CLANG_ENABLE_OBJC_ARC = YES;
				CLANG_ENABLE_OBJC_WEAK = YES;
				CLANG_WARN_BLOCK_CAPTURE_AUTORELEASING = YES;
				CLANG_WARN_BOOL_CONVERSION = YES;
				CLANG_WARN_COMMA = YES;
				CLANG_WARN_CONSTANT_CONVERSION = YES;
				CLANG_WARN_DEPRECATED_OBJC_IMPLEMENTATIONS = YES;
				CLANG_WARN_DIRECT_OBJC_ISA_USAGE = YES_ERROR;
				CLANG_WARN_DOCUMENTATION_COMMENTS = YES;
				CLANG_WARN_EMPTY_BODY = YES;
				CLANG_WARN_ENUM_CONVERSION = YES;
				CLANG_WARN_INFINITE_RECURSION = YES;
				CLANG_WARN_INT_CONVERSION = YES;
				CLANG_WARN_NON_LITERAL_NULL_CONVERSION = YES;
				CLANG_WARN_OBJC_IMPLICIT_RETAIN_SELF = YES;
				CLANG_WARN_OBJC_LITERAL_CONVERSION = YES;
				CLANG_WARN_OBJC_ROOT_CLASS = YES_ERROR;
				CLANG_WARN_QUOTED_INCLUDE_IN_FRAMEWORK_HEADER = YES;
				CLANG_WARN_RANGE_LOOP_ANALYSIS = YES;
				CLANG_WARN_STRICT_PROTOTYPES = YES;
				CLANG_WARN_SUSPICIOUS_MOVE = YES;
				CLANG_WARN_UNGUARDED_AVAILABILITY = YES_AGGRESSIVE;
				CLANG_WARN_UNREACHABLE_CODE = YES;
				CLANG_WARN__DUPLICATE_METHOD_MATCH = YES;
				COPY_PHASE_STRIP = NO;
				DEBUG_INFORMATION_FORMAT = dwarf;
				ENABLE_STRICT_OBJC_MSGSEND = YES;
				ENABLE_TESTABILITY = YES;
				GCC_C_LANGUAGE_STANDARD = gnu11;
				GCC_DYNAMIC_NO_PIC = NO;
				GCC_NO_COMMON_BLOCKS = YES;
				GCC_OPTIMIZATION_LEVEL = 0;
				GCC_PREPROCESSOR_DEFINITIONS = (
					"DEBUG=1",
					"$(inherited)",
				);
				GCC_WARN_64_TO_32_BIT_CONVERSION = YES;
				GCC_WARN_ABOUT_RETURN_TYPE = YES_ERROR;
				GCC_WARN_UNDECLARED_SELECTOR = YES;
				GCC_WARN_UNINITIALIZED_AUTOS = YES_AGGRESSIVE;
				GCC_WARN_UNUSED_FUNCTION = YES;
				GCC_WARN_UNUSED_VARIABLE = YES;
				IPHONEOS_DEPLOYMENT_TARGET = 14.3;
				MTL_ENABLE_DEBUG_INFO = INCLUDE_SOURCE;
				MTL_FAST_MATH = YES;
				ONLY_ACTIVE_ARCH = YES;
				SDKROOT = iphoneos;
				SWIFT_ACTIVE_COMPILATION_CONDITIONS = DEBUG;
				SWIFT_OPTIMIZATION_LEVEL = "-Onone";
			};
			name = Debug;
		};
		3FF97362261F59D5000F0CC4 /* Release */ = {
			isa = XCBuildConfiguration;
			buildSettings = {
				ALWAYS_SEARCH_USER_PATHS = NO;
				CLANG_ANALYZER_NONNULL = YES;
				CLANG_ANALYZER_NUMBER_OBJECT_CONVERSION = YES_AGGRESSIVE;
				CLANG_CXX_LANGUAGE_STANDARD = "gnu++14";
				CLANG_CXX_LIBRARY = "libc++";
				CLANG_ENABLE_MODULES = YES;
				CLANG_ENABLE_OBJC_ARC = YES;
				CLANG_ENABLE_OBJC_WEAK = YES;
				CLANG_WARN_BLOCK_CAPTURE_AUTORELEASING = YES;
				CLANG_WARN_BOOL_CONVERSION = YES;
				CLANG_WARN_COMMA = YES;
				CLANG_WARN_CONSTANT_CONVERSION = YES;
				CLANG_WARN_DEPRECATED_OBJC_IMPLEMENTATIONS = YES;
				CLANG_WARN_DIRECT_OBJC_ISA_USAGE = YES_ERROR;
				CLANG_WARN_DOCUMENTATION_COMMENTS = YES;
				CLANG_WARN_EMPTY_BODY = YES;
				CLANG_WARN_ENUM_CONVERSION = YES;
				CLANG_WARN_INFINITE_RECURSION = YES;
				CLANG_WARN_INT_CONVERSION = YES;
				CLANG_WARN_NON_LITERAL_NULL_CONVERSION = YES;
				CLANG_WARN_OBJC_IMPLICIT_RETAIN_SELF = YES;
				CLANG_WARN_OBJC_LITERAL_CONVERSION = YES;
				CLANG_WARN_OBJC_ROOT_CLASS = YES_ERROR;
				CLANG_WARN_QUOTED_INCLUDE_IN_FRAMEWORK_HEADER = YES;
				CLANG_WARN_RANGE_LOOP_ANALYSIS = YES;
				CLANG_WARN_STRICT_PROTOTYPES = YES;
				CLANG_WARN_SUSPICIOUS_MOVE = YES;
				CLANG_WARN_UNGUARDED_AVAILABILITY = YES_AGGRESSIVE;
				CLANG_WARN_UNREACHABLE_CODE = YES;
				CLANG_WARN__DUPLICATE_METHOD_MATCH = YES;
				COPY_PHASE_STRIP = NO;
				DEBUG_INFORMATION_FORMAT = "dwarf-with-dsym";
				ENABLE_NS_ASSERTIONS = NO;
				ENABLE_STRICT_OBJC_MSGSEND = YES;
				GCC_C_LANGUAGE_STANDARD = gnu11;
				GCC_NO_COMMON_BLOCKS = YES;
				GCC_WARN_64_TO_32_BIT_CONVERSION = YES;
				GCC_WARN_ABOUT_RETURN_TYPE = YES_ERROR;
				GCC_WARN_UNDECLARED_SELECTOR = YES;
				GCC_WARN_UNINITIALIZED_AUTOS = YES_AGGRESSIVE;
				GCC_WARN_UNUSED_FUNCTION = YES;
				GCC_WARN_UNUSED_VARIABLE = YES;
				IPHONEOS_DEPLOYMENT_TARGET = 14.3;
				MTL_ENABLE_DEBUG_INFO = NO;
				MTL_FAST_MATH = YES;
				SDKROOT = iphoneos;
				SWIFT_COMPILATION_MODE = wholemodule;
				SWIFT_OPTIMIZATION_LEVEL = "-O";
				VALIDATE_PRODUCT = YES;
			};
			name = Release;
		};
		3FF97364261F59D5000F0CC4 /* Debug */ = {
			isa = XCBuildConfiguration;
			buildSettings = {
				ASSETCATALOG_COMPILER_APPICON_NAME = AppIcon;
				ASSETCATALOG_COMPILER_GLOBAL_ACCENT_COLOR_NAME = AccentColor;
				CODE_SIGN_STYLE = Automatic;
				DEVELOPMENT_TEAM = R554X45VF8;
				INFOPLIST_FILE = "Four Pics One Word/Info.plist";
				LD_RUNPATH_SEARCH_PATHS = (
					"$(inherited)",
					"@executable_path/Frameworks",
				);
				PRODUCT_BUNDLE_IDENTIFIER = "Company.Four-Pics-One-Word";
				PRODUCT_NAME = "$(TARGET_NAME)";
				SWIFT_VERSION = 5.0;
				TARGETED_DEVICE_FAMILY = "1,2";
			};
			name = Debug;
		};
		3FF97365261F59D5000F0CC4 /* Release */ = {
			isa = XCBuildConfiguration;
			buildSettings = {
				ASSETCATALOG_COMPILER_APPICON_NAME = AppIcon;
				ASSETCATALOG_COMPILER_GLOBAL_ACCENT_COLOR_NAME = AccentColor;
				CODE_SIGN_STYLE = Automatic;
				DEVELOPMENT_TEAM = R554X45VF8;
				INFOPLIST_FILE = "Four Pics One Word/Info.plist";
				LD_RUNPATH_SEARCH_PATHS = (
					"$(inherited)",
					"@executable_path/Frameworks",
				);
				PRODUCT_BUNDLE_IDENTIFIER = "Company.Four-Pics-One-Word";
				PRODUCT_NAME = "$(TARGET_NAME)";
				SWIFT_VERSION = 5.0;
				TARGETED_DEVICE_FAMILY = "1,2";
			};
			name = Release;
		};
/* End XCBuildConfiguration section */

/* Begin XCConfigurationList section */
		3FF9734A261F59D0000F0CC4 /* Build configuration list for PBXProject "Four Pics One Word" */ = {
			isa = XCConfigurationList;
			buildConfigurations = (
				3FF97361261F59D5000F0CC4 /* Debug */,
				3FF97362261F59D5000F0CC4 /* Release */,
			);
			defaultConfigurationIsVisible = 0;
			defaultConfigurationName = Release;
		};
		3FF97363261F59D5000F0CC4 /* Build configuration list for PBXNativeTarget "Four Pics One Word" */ = {
			isa = XCConfigurationList;
			buildConfigurations = (
				3FF97364261F59D5000F0CC4 /* Debug */,
				3FF97365261F59D5000F0CC4 /* Release */,
			);
			defaultConfigurationIsVisible = 0;
			defaultConfigurationName = Release;
		};
/* End XCConfigurationList section */
	};
	rootObject = 3FF97347261F59D0000F0CC4 /* Project object */;
}
